# This file is autogenerated, do not edit; changes may be undone by the next 'dep ensure'.


[[projects]]
  name = "github.com/dustin/go-humanize"
  packages = ["."]
  revision = "0b19b17f90333e44518aa31bbf8126017960aee3"

[[projects]]
  name = "github.com/leekchan/accounting"
  packages = ["."]
  revision = "a35854c075934d6aa1a6c1ab3ea8a82ee0dc1a93"
  version = "v0.2"

[solve-meta]
  analyzer-name = "dep"
  analyzer-version = 1
  inputs-digest = "2b0e9c5f43fb2ad15f8d1c2fbbf29557f104c564bb0fd9ad9ae9ed74e3362fb3"
  solver-name = "gps-cdcl"
  solver-version = 1
